{
  "version": "3",
  "remote": {
    "https://deno.land/std@0.188.0/_util/asserts.ts": "178dfc49a464aee693a7e285567b3d0b555dc805ff490505a8aae34f9cfb1462",
    "https://deno.land/std@0.188.0/_util/os.ts": "d932f56d41e4f6a6093d56044e29ce637f8dcc43c5a90af43504a889cf1775e3",
    "https://deno.land/std@0.188.0/fs/_util.ts": "579038bebc3bd35c43a6a7766f7d91fbacdf44bc03468e9d3134297bb99ed4f9",
    "https://deno.land/std@0.188.0/fs/copy.ts": "14214efd94fc3aa6db1e4af2b4b9578e50f7362b7f3725d5a14ad259a5df26c8",
    "https://deno.land/std@0.188.0/fs/empty_dir.ts": "c3d2da4c7352fab1cf144a1ecfef58090769e8af633678e0f3fabaef98594688",
    "https://deno.land/std@0.188.0/fs/ensure_dir.ts": "dc64c4c75c64721d4e3fb681f1382f803ff3d2868f08563ff923fdd20d071c40",
    "https://deno.land/std@0.188.0/fs/ensure_file.ts": "c38602670bfaf259d86ca824a94e6cb9e5eb73757fefa4ebf43a90dd017d53d9",
    "https://deno.land/std@0.188.0/fs/ensure_link.ts": "c0f5b2f0ec094ed52b9128eccb1ee23362a617457aa0f699b145d4883f5b2fb4",
    "https://deno.land/std@0.188.0/fs/ensure_symlink.ts": "5006ab2f458159c56d689b53b1e48d57e05eeb1eaf64e677f7f76a30bc4fdba1",
    "https://deno.land/std@0.188.0/fs/eol.ts": "f1f2eb348a750c34500741987b21d65607f352cf7205f48f4319d417fff42842",
    "https://deno.land/std@0.188.0/fs/exists.ts": "29c26bca8584a22876be7cb8844f1b6c8fc35e9af514576b78f5c6884d7ed02d",
    "https://deno.land/std@0.188.0/fs/expand_glob.ts": "e4f56259a0a70fe23f05215b00de3ac5e6ba46646ab2a06ebbe9b010f81c972a",
    "https://deno.land/std@0.188.0/fs/mod.ts": "bc3d0acd488cc7b42627044caf47d72019846d459279544e1934418955ba4898",
    "https://deno.land/std@0.188.0/fs/move.ts": "b4f8f46730b40c32ea3c0bc8eb0fd0e8139249a698883c7b3756424cf19785c9",
    "https://deno.land/std@0.188.0/fs/walk.ts": "920be35a7376db6c0b5b1caf1486fb962925e38c9825f90367f8f26b5e5d0897",
    "https://deno.land/std@0.188.0/path/_constants.ts": "e49961f6f4f48039c0dfed3c3f93e963ca3d92791c9d478ac5b43183413136e0",
    "https://deno.land/std@0.188.0/path/_interface.ts": "6471159dfbbc357e03882c2266d21ef9afdb1e4aa771b0545e90db58a0ba314b",
    "https://deno.land/std@0.188.0/path/_util.ts": "d7abb1e0dea065f427b89156e28cdeb32b045870acdf865833ba808a73b576d0",
    "https://deno.land/std@0.188.0/path/common.ts": "ee7505ab01fd22de3963b64e46cff31f40de34f9f8de1fff6a1bd2fe79380000",
    "https://deno.land/std@0.188.0/path/glob.ts": "d479e0a695621c94d3fd7fe7abd4f9499caf32a8de13f25073451c6ef420a4e1",
    "https://deno.land/std@0.188.0/path/mod.ts": "ee161baec5ded6510ee1d1fb6a75a0f5e4b41f3f3301c92c716ecbdf7dae910d",
    "https://deno.land/std@0.188.0/path/posix.ts": "8b7c67ac338714b30c816079303d0285dd24af6b284f7ad63da5b27372a2c94d",
    "https://deno.land/std@0.188.0/path/separator.ts": "0fb679739d0d1d7bf45b68dacfb4ec7563597a902edbaf3c59b50d5bcadd93b1",
    "https://deno.land/std@0.188.0/path/win32.ts": "d186344e5583bcbf8b18af416d13d82b35a317116e6460a5a3953508c3de5bba",
    "https://deno.land/std@0.188.0/semver/mod.ts": "200f50cf6872212667df532fb09f0b1a33d3427a5201f75fad30a0d0c6dbcce3",
    "https://deno.land/std@0.94.0/_util/assert.ts": "2f868145a042a11d5ad0a3c748dcf580add8a0dbc0e876eaa0026303a5488f58",
    "https://deno.land/std@0.94.0/bytes/mod.ts": "1ae1ccfe98c4b979f12b015982c7444f81fcb921bea7aa215bf37d84f46e1e13",
    "https://deno.land/std@0.94.0/encoding/_yaml/dumper/dumper.ts": "0263c52af22198d72afad43fcf83007b2b586e4ce1cb6516d93c9d190a1add56",
    "https://deno.land/std@0.94.0/encoding/_yaml/dumper/dumper_state.ts": "c891f455f5724ec0ead1b970245e757da56e834bafee56ca5caba94d4ee4ecab",
    "https://deno.land/std@0.94.0/encoding/_yaml/error.ts": "37127caf2a57a58ed1f4761d1786f341b8169b81cddd8143ee707c5ae8381ed1",
    "https://deno.land/std@0.94.0/encoding/_yaml/loader/loader.ts": "3dec6bf72a2e28dc25fbb3a9d4c3fe2fbce5afb8e609f98775240ceb39df2fa0",
    "https://deno.land/std@0.94.0/encoding/_yaml/loader/loader_state.ts": "b419c93cd239241a0b0cd15d6f7e641e8e8259f92786e98180c62a37c1f4f2c8",
    "https://deno.land/std@0.94.0/encoding/_yaml/mark.ts": "bea6f1b15a2398541a7b98224cedfdad0b5070a6091d2a64f6f1a7f9552f45d9",
    "https://deno.land/std@0.94.0/encoding/_yaml/parse.ts": "760d72477e4a9427a44a05cbfdfd36c49e016e03d4d5d5e85291222472d67c26",
    "https://deno.land/std@0.94.0/encoding/_yaml/schema.ts": "f455506cfdb6a9b43b1392afebc8bf47f9e07b87f1d892a2bc7aa4bf27b879c4",
    "https://deno.land/std@0.94.0/encoding/_yaml/schema/core.ts": "60bc5880ae4bf8a856b7376b4f573688d018207c7095c4e3b7f6f78fb566fb96",
    "https://deno.land/std@0.94.0/encoding/_yaml/schema/default.ts": "aa3191b304e78237511b30eccc0c02fe1e6138de08d63ce79243dff57eefaa3a",
    "https://deno.land/std@0.94.0/encoding/_yaml/schema/extended.ts": "838bb2f31fcf5364b8c5d58f8d0e421aaa7b5dcc6ead0e7ed45a70026ea18683",
    "https://deno.land/std@0.94.0/encoding/_yaml/schema/failsafe.ts": "99b32bbdf1f1d1a9f89412a3047b240df3910348bada9b6addb3d32e45707421",
    "https://deno.land/std@0.94.0/encoding/_yaml/schema/json.ts": "46cb110cf78c5eb1ea1cb3a022d9785c16346758c5fd796445625e3eba5e397c",
    "https://deno.land/std@0.94.0/encoding/_yaml/schema/mod.ts": "887883e91e15d85687a810dbd2337c91f6bc24cc89fa8d487e5fbb0851fc9d32",
    "https://deno.land/std@0.94.0/encoding/_yaml/state.ts": "b4c16a80245ccbf46e5d7e537686216fb178e6e17465edaad52dcc46ca061bc0",
    "https://deno.land/std@0.94.0/encoding/_yaml/stringify.ts": "7ffd3226730f8d29efab367e99ac772a254c59277bb6214fc9eb669a99be6b2b",
    "https://deno.land/std@0.94.0/encoding/_yaml/type.ts": "c8035db697dcbad50d3d714aab71f932f024067ce443475882ee14e721237f33",
    "https://deno.land/std@0.94.0/encoding/_yaml/type/binary.ts": "770b3b1f32ef6e5d39766c449137270aa6da6b75dbe7b1c5fafcaa0c3035df77",
    "https://deno.land/std@0.94.0/encoding/_yaml/type/bool.ts": "9d98f676db1004a096f484d3cffc3d6647edc1b1dcb36a6763d4058aa7c8d7ff",
    "https://deno.land/std@0.94.0/encoding/_yaml/type/float.ts": "8523e91d7e0e776cd28a7505883b707342d02f167cf2f70cbad907086f8070d1",
    "https://deno.land/std@0.94.0/encoding/_yaml/type/function.ts": "2d4a308bbcd29236047473f751cd628d6383d4cdd5d20078a03278ad3b1b7f3a",
    "https://deno.land/std@0.94.0/encoding/_yaml/type/int.ts": "ddd0b4dceaf4004f0d186832430fe622f14c576e8fc1847d8700c9962bd0b224",
    "https://deno.land/std@0.94.0/encoding/_yaml/type/map.ts": "1a6adda80abb559d194c2a6c921d77d1663efc528c3436eac30b6c865999cbf2",
    "https://deno.land/std@0.94.0/encoding/_yaml/type/merge.ts": "d72e0676455ab82a08ed67bbaec26911730d355600477b339918cc714a9404d2",
    "https://deno.land/std@0.94.0/encoding/_yaml/type/mod.ts": "9e93a15efbe9b2d98ec55d782913d8d263d4bfb2c8df89a59b39ac7a46e421de",
    "https://deno.land/std@0.94.0/encoding/_yaml/type/nil.ts": "93a6a43ed4cd82aeedf8866a436d050476ed8bf0c92bf77c5b762f146e634578",
    "https://deno.land/std@0.94.0/encoding/_yaml/type/omap.ts": "f9059576c95bce96906d9507245d0cb9539b96ec9653981879c4d2d217567e2e",
    "https://deno.land/std@0.94.0/encoding/_yaml/type/pairs.ts": "a50dcd677afaaed51a0629c5bde12b1632a7532e03611ef674e034b4140e0940",
    "https://deno.land/std@0.94.0/encoding/_yaml/type/regexp.ts": "e571f0888d7cceaa8056293be0914789bdd0eedd4372f4b532da395c6e5db4fa",
    "https://deno.land/std@0.94.0/encoding/_yaml/type/seq.ts": "50f1dbf35c2858c6e91b88964bc94836bea50da90a88b4df7814a1319bce921d",
    "https://deno.land/std@0.94.0/encoding/_yaml/type/set.ts": "2c9f20b540bd0f3af6264d79c2edf7ffbfc35a4c158fa479361dc579383e5fdf",
    "https://deno.land/std@0.94.0/encoding/_yaml/type/str.ts": "c24c0d7eaba943f2a30f827120be280ccf3fe903ebd31d5beb229965afd582b7",
    "https://deno.land/std@0.94.0/encoding/_yaml/type/timestamp.ts": "4e7221a8e2eafc818bd5b41ccf0636656044a9ca4892fa5763f45cb1733701fa",
    "https://deno.land/std@0.94.0/encoding/_yaml/type/undefined.ts": "bc774444b3a8d9b36cf8c032492584a629597b54cf34b791ed0280de9332296e",
    "https://deno.land/std@0.94.0/encoding/_yaml/utils.ts": "2c01dc0321ca969b208e244fa278f29ba7a5fdda2fba73b0f48dea99a4deb91b",
    "https://deno.land/std@0.94.0/encoding/yaml.ts": "4989e7fe0be3813f79214a2c0039b71398e8bb61d5667f0d60236e240754ebd3",
    "https://deno.land/std@0.94.0/flags/mod.ts": "0994240ad009980e46bc3bb1314e9469c7241617e4345b27afc82097fdbef841",
    "https://deno.land/std@0.94.0/fmt/printf.ts": "7ec612e9b89958b8f7710129f74f502327aad285a9e48ee5297f5882fbc3a078",
    "https://deno.land/std@0.94.0/fs/exists.ts": "b0d2e31654819cc2a8d37df45d6b14686c0cc1d802e9ff09e902a63e98b85a00",
    "https://deno.land/std@0.94.0/io/buffer.ts": "c4717e49f742a1ddd0dd6f547cdbd9d15f5dac2c86df666579f50e5d090266ce",
    "https://deno.land/std@0.94.0/io/util.ts": "843ccf667ff291ba2315c2419a54b4e76dbc7c0f6c3152f640eac4dc954e3753",
    "https://deno.land/x/denops_core@v5.0.0/denops.ts": "ffc9c6dcf873d806ae6e426661dc86d6c27f3faabaf19eea336254ee57b554cc",
    "https://deno.land/x/denops_core@v5.0.0/mod.ts": "abc31bf739a30a8cf07d54a56b7c5d5efb8105bf9dd4d6dae4866649985bc035",
    "https://deno.land/x/denops_std@v5.0.0/function/_generated.ts": "f9ec2bf72d98e6070afffedf4aa3e11decb6d611da2431859b0b4af3dcc10d3a",
    "https://deno.land/x/denops_std@v5.0.0/function/_manual.ts": "a26da7f6d5cae879eac8ebb925cf86943ef49644fe99878c69c6917697672ea7",
    "https://deno.land/x/denops_std@v5.0.0/function/buffer.ts": "b84bc924eadd1085a0bd68dd45ad794fd8eb7aad314a7697e3339dfc6cbaaed6",
    "https://deno.land/x/denops_std@v5.0.0/function/common.ts": "7511002d713c8c064d8e1d87f381f94292bf6963c0b866a51c510ad57af8f698",
    "https://deno.land/x/denops_std@v5.0.0/function/cursor.ts": "18bc8ed07666f6769c89ef9bcf8009719f16f0ad03b7a27c6bb18bc09362030e",
    "https://deno.land/x/denops_std@v5.0.0/function/getreginfo.ts": "ca7f16ff2f3e4644dd03b55ae233fd01247aa8418dbfe042bc91fe70eebd1bab",
    "https://deno.land/x/denops_std@v5.0.0/function/input.ts": "ff24065c05291bd5dce2a3a1b92291a97d3ef5b05e9d135a54b07d7c45b33374",
    "https://deno.land/x/denops_std@v5.0.0/function/mod.ts": "714b13733ab9a1a4cb77220dafe27ee5edabe00c000ab79f8ab030a5c8440788",
    "https://deno.land/x/denops_std@v5.0.0/function/types.ts": "182b31a01540b65ef132f5743ff0c5141b577a5e0a95e5479b8745905763a434",
    "https://deno.land/x/denops_std@v5.0.0/function/various.ts": "442cfb107e1ff881b0772276feba59d60504f3776dd03d47b039acac2e07ed3d",
    "https://deno.land/x/denops_std@v5.0.0/helper/echo.ts": "9bacbbb69a87817554dacf716e95f6aeb058fdfff0a80e2dbba5d76706809df4",
    "https://deno.land/x/denops_std@v5.0.0/helper/execute.ts": "4534e956ab1e4e160358cef64627e0877071f219b72d447c9314ce5d505f4412",
    "https://deno.land/x/denops_std@v5.0.0/helper/input.ts": "eb4084690090882310babf9c75d655e7ab25ab44c4b36a16c5c3d9a7d64cfffa",
    "https://deno.land/x/denops_std@v5.0.0/helper/load.ts": "2951dd406b59aae609d20ed6a6723f07a5fa770341fe5042fe1f3d2f60f86bef",
    "https://deno.land/x/denops_std@v5.0.0/helper/mod.ts": "4f008bc1bfdb89129b493c49be1996c9aa7902ad0a862675a7884d4d6c255c8f",
    "https://deno.land/x/denops_std@v5.0.0/lambda/mod.ts": "72ed7e5109cd008403a63065025eba9a9bb184e5feda6517642f49478c2c6121",
    "https://deno.land/x/denops_std@v5.0.0/mod.ts": "b0a68b416fd320ac977e8e1a5fcddecb02924d2bb5c1dd2843a789d533d173b2",
    "https://deno.land/x/denops_std@v5.0.0/util.ts": "ded8c5790c4cb6082d27596ff0958291d795695ec6323113dec5c1985b5ebb46",
    "https://deno.land/x/unknownutil@v2.1.1/assert.ts": "33ac165c3917129a66f29a7098c0d56d8be290cc271afd0152705b97c770892d",
    "https://deno.land/x/unknownutil@v2.1.1/ensure.ts": "c7878930c8bd341e88c4f1fc742e98fe5e8451f5b9bac21fae2d085914d95827",
    "https://deno.land/x/unknownutil@v2.1.1/is.ts": "32ef707359264c5baf97725ceb13f87ef34e73b50eb199d76034742bec21f2a2",
    "https://deno.land/x/unknownutil@v2.1.1/maybe.ts": "260f159636893d2d0e08814151a0b19b3bc0e7fa8b423bdf2b64aa664a4ee735",
    "https://deno.land/x/unknownutil@v2.1.1/mod.ts": "ccd4f6ba067ac766da0533f13a018a6734c042a9484115fa49c7face17e8501d"
  }
}
